
Microsoft Visual Studio Solution File, Format Version 12.00
# Visual Studio Version 17
VisualStudioVersion = 17.3.32929.385
MinimumVisualStudioVersion = 10.0.40219.1
Project("{FAE04EC0-301F-11D3-BF4B-00C04F79EFBC}") = "Exercise1", "Exercise1\Exercise1.csproj", "{5A4A93A7-79B5-4B65-A2AD-047BDFF98431}"
EndProject
Global
	GlobalSection(SolutionConfigurationPlatforms) = preSolution
		Debug|Any CPU = Debug|Any CPU
		Release|Any CPU = Release|Any CPU
	EndGlobalSection
	GlobalSection(ProjectConfigurationPlatforms) = postSolution
		{5A4A93A7-79B5-4B65-A2AD-047BDFF98431}.Debug|Any CPU.ActiveCfg = Debug|Any CPU
		{5A4A93A7-79B5-4B65-A2AD-047BDFF98431}.Debug|Any CPU.Build.0 = Debug|Any CPU
		{5A4A93A7-79B5-4B65-A2AD-047BDFF98431}.Release|Any CPU.ActiveCfg = Release|Any CPU
		{5A4A93A7-79B5-4B65-A2AD-047BDFF98431}.Release|Any CPU.Build.0 = Release|Any CPU
	EndGlobalSection
	GlobalSection(SolutionProperties) = preSolution
		HideSolutionNode = FALSE
	EndGlobalSection
	GlobalSection(ExtensibilityGlobals) = postSolution
		SolutionGuid = {E361A6F9-A546-4F90-92D0-D3D85F0DDE7D}
	EndGlobalSection
EndGlobal
